// !$*UTF8*$!
{
	archiveVersion = 1;
	classes = {
	};
	objectVersion = 52;
	objects = {

/* Begin PBXBuildFile section */
		3E40824A2726445000E25A99 /* AppDelegate.swift in Sources */ = {isa = PBXBuildFile; fileRef = 3E4082492726445000E25A99 /* AppDelegate.swift */; };
		3E40824C2726445000E25A99 /* SceneDelegate.swift in Sources */ = {isa = PBXBuildFile; fileRef = 3E40824B2726445000E25A99 /* SceneDelegate.swift */; };
		3E40824E2726445000E25A99 /* ViewController.swift in Sources */ = {isa = PBXBuildFile; fileRef = 3E40824D2726445000E25A99 /* ViewController.swift */; };
		3E4082512726445000E25A99 /* Main.storyboard in Resources */ = {isa = PBXBuildFile; fileRef = 3E40824F2726445000E25A99 /* Main.storyboard */; };
		3E4082532726445300E25A99 /* Assets.xcassets in Resources */ = {isa = PBXBuildFile; fileRef = 3E4082522726445300E25A99 /* Assets.xcassets */; };
		3E4082562726445300E25A99 /* LaunchScreen.storyboard in Resources */ = {isa = PBXBuildFile; fileRef = 3E4082542726445300E25A99 /* LaunchScreen.storyboard */; };
		3E408260272644A000E25A99 /* Alamofire in Frameworks */ = {isa = PBXBuildFile; productRef = 3E40825F272644A000E25A99 /* Alamofire */; };
		3E408264272644EF00E25A99 /* SwiftyJSON in Frameworks */ = {isa = PBXBuildFile; productRef = 3E408263272644EF00E25A99 /* SwiftyJSON */; };
		3E4082672726DC8F00E25A99 /* Alert+Extensions.swift in Sources */ = {isa = PBXBuildFile; fileRef = 3E4082662726DC8F00E25A99 /* Alert+Extensions.swift */; };
		3E4082722726E1F300E25A99 /* Constants.swift in Sources */ = {isa = PBXBuildFile; fileRef = 3E4082712726E1F300E25A99 /* Constants.swift */; };
		3E4082A12727928300E25A99 /* TranslateViewController.swift in Sources */ = {isa = PBXBuildFile; fileRef = 3E4082A02727928300E25A99 /* TranslateViewController.swift */; };
		3E4082BD2727E91200E25A99 /* Kingfisher in Frameworks */ = {isa = PBXBuildFile; productRef = 3E4082BC2727E91200E25A99 /* Kingfisher */; };
		3E4082D02728D34A00E25A99 /* TranslateAPIManager.swift in Sources */ = {isa = PBXBuildFile; fileRef = 3E4082CF2728D34A00E25A99 /* TranslateAPIManager.swift */; };
		3E4082D32728E9B900E25A99 /* VisionViewController.swift in Sources */ = {isa = PBXBuildFile; fileRef = 3E4082D22728E9B900E25A99 /* VisionViewController.swift */; };
		3E4082D62728EC7000E25A99 /* VisionAPIManager.swift in Sources */ = {isa = PBXBuildFile; fileRef = 3E4082D52728EC7000E25A99 /* VisionAPIManager.swift */; };
		3E4082D92728F18D00E25A99 /* IMG_5086.JPG in Resources */ = {isa = PBXBuildFile; fileRef = 3E4082D82728F18D00E25A99 /* IMG_5086.JPG */; };
		3E4082DC272990BF00E25A99 /* WeatherAPIManager.swift in Sources */ = {isa = PBXBuildFile; fileRef = 3E4082DB272990BF00E25A99 /* WeatherAPIManager.swift */; };
		3E4082E9272A225000E25A99 /* JGProgressHUD in Frameworks */ = {isa = PBXBuildFile; productRef = 3E4082E8272A225000E25A99 /* JGProgressHUD */; };
/* End PBXBuildFile section */

/* Begin PBXFileReference section */
		3E4082462726445000E25A99 /* SeSAC_05Week.app */ = {isa = PBXFileReference; explicitFileType = wrapper.application; includeInIndex = 0; path = SeSAC_05Week.app; sourceTree = BUILT_PRODUCTS_DIR; };
		3E4082492726445000E25A99 /* AppDelegate.swift */ = {isa = PBXFileReference; lastKnownFileType = sourcecode.swift; path = AppDelegate.swift; sourceTree = "<group>"; };
		3E40824B2726445000E25A99 /* SceneDelegate.swift */ = {isa = PBXFileReference; lastKnownFileType = sourcecode.swift; path = SceneDelegate.swift; sourceTree = "<group>"; };
		3E40824D2726445000E25A99 /* ViewController.swift */ = {isa = PBXFileReference; lastKnownFileType = sourcecode.swift; path = ViewController.swift; sourceTree = "<group>"; };
		3E4082502726445000E25A99 /* Base */ = {isa = PBXFileReference; lastKnownFileType = file.storyboard; name = Base; path = Base.lproj/Main.storyboard; sourceTree = "<group>"; };
		3E4082522726445300E25A99 /* Assets.xcassets */ = {isa = PBXFileReference; lastKnownFileType = folder.assetcatalog; path = Assets.xcassets; sourceTree = "<group>"; };
		3E4082552726445300E25A99 /* Base */ = {isa = PBXFileReference; lastKnownFileType = file.storyboard; name = Base; path = Base.lproj/LaunchScreen.storyboard; sourceTree = "<group>"; };
		3E4082572726445300E25A99 /* Info.plist */ = {isa = PBXFileReference; lastKnownFileType = text.plist.xml; path = Info.plist; sourceTree = "<group>"; };
		3E4082662726DC8F00E25A99 /* Alert+Extensions.swift */ = {isa = PBXFileReference; lastKnownFileType = sourcecode.swift; path = "Alert+Extensions.swift"; sourceTree = "<group>"; };
		3E40826D2726E0DF00E25A99 /* Debug.xcconfig */ = {isa = PBXFileReference; lastKnownFileType = text.xcconfig; path = Debug.xcconfig; sourceTree = "<group>"; };
		3E40826E2726E0F900E25A99 /* Production.xcconfig */ = {isa = PBXFileReference; lastKnownFileType = text.xcconfig; path = Production.xcconfig; sourceTree = "<group>"; };
		3E4082712726E1F300E25A99 /* Constants.swift */ = {isa = PBXFileReference; lastKnownFileType = sourcecode.swift; path = Constants.swift; sourceTree = "<group>"; };
		3E4082A02727928300E25A99 /* TranslateViewController.swift */ = {isa = PBXFileReference; lastKnownFileType = sourcecode.swift; path = TranslateViewController.swift; sourceTree = "<group>"; };
		3E4082CF2728D34A00E25A99 /* TranslateAPIManager.swift */ = {isa = PBXFileReference; lastKnownFileType = sourcecode.swift; path = TranslateAPIManager.swift; sourceTree = "<group>"; };
		3E4082D22728E9B900E25A99 /* VisionViewController.swift */ = {isa = PBXFileReference; lastKnownFileType = sourcecode.swift; path = VisionViewController.swift; sourceTree = "<group>"; };
		3E4082D52728EC7000E25A99 /* VisionAPIManager.swift */ = {isa = PBXFileReference; lastKnownFileType = sourcecode.swift; path = VisionAPIManager.swift; sourceTree = "<group>"; };
		3E4082D82728F18D00E25A99 /* IMG_5086.JPG */ = {isa = PBXFileReference; lastKnownFileType = image.jpeg; name = IMG_5086.JPG; path = ../../../../Downloads/IMG_5086.JPG; sourceTree = "<group>"; };
		3E4082DB272990BF00E25A99 /* WeatherAPIManager.swift */ = {isa = PBXFileReference; lastKnownFileType = sourcecode.swift; path = WeatherAPIManager.swift; sourceTree = "<group>"; };
/* End PBXFileReference section */

/* Begin PBXFrameworksBuildPhase section */
		3E4082432726445000E25A99 /* Frameworks */ = {
			isa = PBXFrameworksBuildPhase;
			buildActionMask = 2147483647;
			files = (
				3E4082E9272A225000E25A99 /* JGProgressHUD in Frameworks */,
				3E4082BD2727E91200E25A99 /* Kingfisher in Frameworks */,
				3E408264272644EF00E25A99 /* SwiftyJSON in Frameworks */,
				3E408260272644A000E25A99 /* Alamofire in Frameworks */,
			);
			runOnlyForDeploymentPostprocessing = 0;
		};
/* End PBXFrameworksBuildPhase section */

/* Begin PBXGroup section */
		3E40823D2726445000E25A99 = {
			isa = PBXGroup;
			children = (
				3E4082482726445000E25A99 /* SeSAC_05Week */,
				3E4082472726445000E25A99 /* Products */,
			);
			sourceTree = "<group>";
		};
		3E4082472726445000E25A99 /* Products */ = {
			isa = PBXGroup;
			children = (
				3E4082462726445000E25A99 /* SeSAC_05Week.app */,
			);
			name = Products;
			sourceTree = "<group>";
		};
		3E4082482726445000E25A99 /* SeSAC_05Week */ = {
			isa = PBXGroup;
			children = (
				3E40826C2726E0D600E25A99 /* Config */,
				3E4082492726445000E25A99 /* AppDelegate.swift */,
				3E40824B2726445000E25A99 /* SceneDelegate.swift */,
				3E40824D2726445000E25A99 /* ViewController.swift */,
				3E4082DB272990BF00E25A99 /* WeatherAPIManager.swift */,
				3E4082662726DC8F00E25A99 /* Alert+Extensions.swift */,
				3E4082D52728EC7000E25A99 /* VisionAPIManager.swift */,
				3E40824F2726445000E25A99 /* Main.storyboard */,
				3E4082D22728E9B900E25A99 /* VisionViewController.swift */,
				3E4082D82728F18D00E25A99 /* IMG_5086.JPG */,
				3E4082A02727928300E25A99 /* TranslateViewController.swift */,
				3E4082CF2728D34A00E25A99 /* TranslateAPIManager.swift */,
				3E4082522726445300E25A99 /* Assets.xcassets */,
				3E4082542726445300E25A99 /* LaunchScreen.storyboard */,
				3E4082572726445300E25A99 /* Info.plist */,
				3E4082712726E1F300E25A99 /* Constants.swift */,
			);
			path = SeSAC_05Week;
			sourceTree = "<group>";
		};
		3E40826C2726E0D600E25A99 /* Config */ = {
			isa = PBXGroup;
			children = (
				3E40826D2726E0DF00E25A99 /* Debug.xcconfig */,
				3E40826E2726E0F900E25A99 /* Production.xcconfig */,
			);
			path = Config;
			sourceTree = "<group>";
		};
/* End PBXGroup section */

/* Begin PBXNativeTarget section */
		3E4082452726445000E25A99 /* SeSAC_05Week */ = {
			isa = PBXNativeTarget;
			buildConfigurationList = 3E40825A2726445300E25A99 /* Build configuration list for PBXNativeTarget "SeSAC_05Week" */;
			buildPhases = (
				3E4082422726445000E25A99 /* Sources */,
				3E4082432726445000E25A99 /* Frameworks */,
				3E4082442726445000E25A99 /* Resources */,
			);
			buildRules = (
			);
			dependencies = (
			);
			name = SeSAC_05Week;
			packageProductDependencies = (
				3E40825F272644A000E25A99 /* Alamofire */,
				3E408263272644EF00E25A99 /* SwiftyJSON */,
				3E4082BC2727E91200E25A99 /* Kingfisher */,
				3E4082E8272A225000E25A99 /* JGProgressHUD */,
			);
			productName = SeSAC_05Week;
			productReference = 3E4082462726445000E25A99 /* SeSAC_05Week.app */;
			productType = "com.apple.product-type.application";
		};
/* End PBXNativeTarget section */

/* Begin PBXProject section */
		3E40823E2726445000E25A99 /* Project object */ = {
			isa = PBXProject;
			attributes = {
				LastSwiftUpdateCheck = 1240;
				LastUpgradeCheck = 1240;
				TargetAttributes = {
					3E4082452726445000E25A99 = {
						CreatedOnToolsVersion = 12.4;
					};
				};
			};
			buildConfigurationList = 3E4082412726445000E25A99 /* Build configuration list for PBXProject "SeSAC_05Week" */;
			compatibilityVersion = "Xcode 9.3";
			developmentRegion = en;
			hasScannedForEncodings = 0;
			knownRegions = (
				en,
				Base,
			);
			mainGroup = 3E40823D2726445000E25A99;
			packageReferences = (
				3E40825E272644A000E25A99 /* XCRemoteSwiftPackageReference "Alamofire" */,
				3E408262272644EF00E25A99 /* XCRemoteSwiftPackageReference "SwiftyJSON" */,
				3E4082BB2727E91100E25A99 /* XCRemoteSwiftPackageReference "Kingfisher" */,
				3E4082E7272A225000E25A99 /* XCRemoteSwiftPackageReference "JGProgressHUD" */,
			);
			productRefGroup = 3E4082472726445000E25A99 /* Products */;
			projectDirPath = "";
			projectRoot = "";
			targets = (
				3E4082452726445000E25A99 /* SeSAC_05Week */,
			);
		};
/* End PBXProject section */

/* Begin PBXResourcesBuildPhase section */
		3E4082442726445000E25A99 /* Resources */ = {
			isa = PBXResourcesBuildPhase;
			buildActionMask = 2147483647;
			files = (
				3E4082562726445300E25A99 /* LaunchScreen.storyboard in Resources */,
				3E4082532726445300E25A99 /* Assets.xcassets in Resources */,
				3E4082D92728F18D00E25A99 /* IMG_5086.JPG in Resources */,
				3E4082512726445000E25A99 /* Main.storyboard in Resources */,
			);
			runOnlyForDeploymentPostprocessing = 0;
		};
/* End PBXResourcesBuildPhase section */

/* Begin PBXSourcesBuildPhase section */
		3E4082422726445000E25A99 /* Sources */ = {
			isa = PBXSourcesBuildPhase;
			buildActionMask = 2147483647;
			files = (
				3E4082722726E1F300E25A99 /* Constants.swift in Sources */,
				3E4082672726DC8F00E25A99 /* Alert+Extensions.swift in Sources */,
				3E40824E2726445000E25A99 /* ViewController.swift in Sources */,
				3E4082DC272990BF00E25A99 /* WeatherAPIManager.swift in Sources */,
				3E40824A2726445000E25A99 /* AppDelegate.swift in Sources */,
				3E4082D32728E9B900E25A99 /* VisionViewController.swift in Sources */,
				3E4082D62728EC7000E25A99 /* VisionAPIManager.swift in Sources */,
				3E40824C2726445000E25A99 /* SceneDelegate.swift in Sources */,
				3E4082D02728D34A00E25A99 /* TranslateAPIManager.swift in Sources */,
				3E4082A12727928300E25A99 /* TranslateViewController.swift in Sources */,
			);
			runOnlyForDeploymentPostprocessing = 0;
		};
/* End PBXSourcesBuildPhase section */

/* Begin PBXVariantGroup section */
		3E40824F2726445000E25A99 /* Main.storyboard */ = {
			isa = PBXVariantGroup;
			children = (
				3E4082502726445000E25A99 /* Base */,
			);
			name = Main.storyboard;
			sourceTree = "<group>";
		};
		3E4082542726445300E25A99 /* LaunchScreen.storyboard */ = {
			isa = PBXVariantGroup;
			children = (
				3E4082552726445300E25A99 /* Base */,
			);
			name = LaunchScreen.storyboard;
			sourceTree = "<group>";
		};
/* End PBXVariantGroup section */

/* Begin XCBuildConfiguration section */
		3E4082582726445300E25A99 /* Debug */ = {
			isa = XCBuildConfiguration;
			buildSettings = {
				ALWAYS_SEARCH_USER_PATHS = NO;
				CLANG_ANALYZER_NONNULL = YES;
				CLANG_ANALYZER_NUMBER_OBJECT_CONVERSION = YES_AGGRESSIVE;
				CLANG_CXX_LANGUAGE_STANDARD = "gnu++14";
				CLANG_CXX_LIBRARY = "libc++";
				CLANG_ENABLE_MODULES = YES;
				CLANG_ENABLE_OBJC_ARC = YES;
				CLANG_ENABLE_OBJC_WEAK = YES;
				CLANG_WARN_BLOCK_CAPTURE_AUTORELEASING = YES;
				CLANG_WARN_BOOL_CONVERSION = YES;
				CLANG_WARN_COMMA = YES;
				CLANG_WARN_CONSTANT_CONVERSION = YES;
				CLANG_WARN_DEPRECATED_OBJC_IMPLEMENTATIONS = YES;
				CLANG_WARN_DIRECT_OBJC_ISA_USAGE = YES_ERROR;
				CLANG_WARN_DOCUMENTATION_COMMENTS = YES;
				CLANG_WARN_EMPTY_BODY = YES;
				CLANG_WARN_ENUM_CONVERSION = YES;
				CLANG_WARN_INFINITE_RECURSION = YES;
				CLANG_WARN_INT_CONVERSION = YES;
				CLANG_WARN_NON_LITERAL_NULL_CONVERSION = YES;
				CLANG_WARN_OBJC_IMPLICIT_RETAIN_SELF = YES;
				CLANG_WARN_OBJC_LITERAL_CONVERSION = YES;
				CLANG_WARN_OBJC_ROOT_CLASS = YES_ERROR;
				CLANG_WARN_QUOTED_INCLUDE_IN_FRAMEWORK_HEADER = YES;
				CLANG_WARN_RANGE_LOOP_ANALYSIS = YES;
				CLANG_WARN_STRICT_PROTOTYPES = YES;
				CLANG_WARN_SUSPICIOUS_MOVE = YES;
				CLANG_WARN_UNGUARDED_AVAILABILITY = YES_AGGRESSIVE;
				CLANG_WARN_UNREACHABLE_CODE = YES;
				CLANG_WARN__DUPLICATE_METHOD_MATCH = YES;
				COPY_PHASE_STRIP = NO;
				DEBUG_INFORMATION_FORMAT = dwarf;
				ENABLE_STRICT_OBJC_MSGSEND = YES;
				ENABLE_TESTABILITY = YES;
				GCC_C_LANGUAGE_STANDARD = gnu11;
				GCC_DYNAMIC_NO_PIC = NO;
				GCC_NO_COMMON_BLOCKS = YES;
				GCC_OPTIMIZATION_LEVEL = 0;
				GCC_PREPROCESSOR_DEFINITIONS = (
					"DEBUG=1",
					"$(inherited)",
				);
				GCC_WARN_64_TO_32_BIT_CONVERSION = YES;
				GCC_WARN_ABOUT_RETURN_TYPE = YES_ERROR;
				GCC_WARN_UNDECLARED_SELECTOR = YES;
				GCC_WARN_UNINITIALIZED_AUTOS = YES_AGGRESSIVE;
				GCC_WARN_UNUSED_FUNCTION = YES;
				GCC_WARN_UNUSED_VARIABLE = YES;
				IPHONEOS_DEPLOYMENT_TARGET = 14.4;
				MTL_ENABLE_DEBUG_INFO = INCLUDE_SOURCE;
				MTL_FAST_MATH = YES;
				ONLY_ACTIVE_ARCH = YES;
				SDKROOT = iphoneos;
				SWIFT_ACTIVE_COMPILATION_CONDITIONS = DEBUG;
				SWIFT_OPTIMIZATION_LEVEL = "-Onone";
			};
			name = Debug;
		};
		3E4082592726445300E25A99 /* Release */ = {
			isa = XCBuildConfiguration;
			buildSettings = {
				ALWAYS_SEARCH_USER_PATHS = NO;
				CLANG_ANALYZER_NONNULL = YES;
				CLANG_ANALYZER_NUMBER_OBJECT_CONVERSION = YES_AGGRESSIVE;
				CLANG_CXX_LANGUAGE_STANDARD = "gnu++14";
				CLANG_CXX_LIBRARY = "libc++";
				CLANG_ENABLE_MODULES = YES;
				CLANG_ENABLE_OBJC_ARC = YES;
				CLANG_ENABLE_OBJC_WEAK = YES;
				CLANG_WARN_BLOCK_CAPTURE_AUTORELEASING = YES;
				CLANG_WARN_BOOL_CONVERSION = YES;
				CLANG_WARN_COMMA = YES;
				CLANG_WARN_CONSTANT_CONVERSION = YES;
				CLANG_WARN_DEPRECATED_OBJC_IMPLEMENTATIONS = YES;
				CLANG_WARN_DIRECT_OBJC_ISA_USAGE = YES_ERROR;
				CLANG_WARN_DOCUMENTATION_COMMENTS = YES;
				CLANG_WARN_EMPTY_BODY = YES;
				CLANG_WARN_ENUM_CONVERSION = YES;
				CLANG_WARN_INFINITE_RECURSION = YES;
				CLANG_WARN_INT_CONVERSION = YES;
				CLANG_WARN_NON_LITERAL_NULL_CONVERSION = YES;
				CLANG_WARN_OBJC_IMPLICIT_RETAIN_SELF = YES;
				CLANG_WARN_OBJC_LITERAL_CONVERSION = YES;
				CLANG_WARN_OBJC_ROOT_CLASS = YES_ERROR;
				CLANG_WARN_QUOTED_INCLUDE_IN_FRAMEWORK_HEADER = YES;
				CLANG_WARN_RANGE_LOOP_ANALYSIS = YES;
				CLANG_WARN_STRICT_PROTOTYPES = YES;
				CLANG_WARN_SUSPICIOUS_MOVE = YES;
				CLANG_WARN_UNGUARDED_AVAILABILITY = YES_AGGRESSIVE;
				CLANG_WARN_UNREACHABLE_CODE = YES;
				CLANG_WARN__DUPLICATE_METHOD_MATCH = YES;
				COPY_PHASE_STRIP = NO;
				DEBUG_INFORMATION_FORMAT = "dwarf-with-dsym";
				ENABLE_NS_ASSERTIONS = NO;
				ENABLE_STRICT_OBJC_MSGSEND = YES;
				GCC_C_LANGUAGE_STANDARD = gnu11;
				GCC_NO_COMMON_BLOCKS = YES;
				GCC_WARN_64_TO_32_BIT_CONVERSION = YES;
				GCC_WARN_ABOUT_RETURN_TYPE = YES_ERROR;
				GCC_WARN_UNDECLARED_SELECTOR = YES;
				GCC_WARN_UNINITIALIZED_AUTOS = YES_AGGRESSIVE;
				GCC_WARN_UNUSED_FUNCTION = YES;
				GCC_WARN_UNUSED_VARIABLE = YES;
				IPHONEOS_DEPLOYMENT_TARGET = 14.4;
				MTL_ENABLE_DEBUG_INFO = NO;
				MTL_FAST_MATH = YES;
				SDKROOT = iphoneos;
				SWIFT_COMPILATION_MODE = wholemodule;
				SWIFT_OPTIMIZATION_LEVEL = "-O";
				VALIDATE_PRODUCT = YES;
			};
			name = Release;
		};
		3E40825B2726445300E25A99 /* Debug */ = {
			isa = XCBuildConfiguration;
			baseConfigurationReference = 3E40826D2726E0DF00E25A99 /* Debug.xcconfig */;
			buildSettings = {
				ASSETCATALOG_COMPILER_APPICON_NAME = AppIcon;
				ASSETCATALOG_COMPILER_GLOBAL_ACCENT_COLOR_NAME = AccentColor;
				CODE_SIGN_STYLE = Automatic;
				INFOPLIST_FILE = SeSAC_05Week/Info.plist;
				LD_RUNPATH_SEARCH_PATHS = (
					"$(inherited)",
					"@executable_path/Frameworks",
				);
				PRODUCT_BUNDLE_IDENTIFIER = "com.jiyoung.SeSAC-05Week";
				PRODUCT_NAME = "$(TARGET_NAME)";
				SWIFT_VERSION = 5.0;
				TARGETED_DEVICE_FAMILY = "1,2";
			};
			name = Debug;
		};
		3E40825C2726445300E25A99 /* Release */ = {
			isa = XCBuildConfiguration;
			baseConfigurationReference = 3E40826E2726E0F900E25A99 /* Production.xcconfig */;
			buildSettings = {
				ASSETCATALOG_COMPILER_APPICON_NAME = AppIcon;
				ASSETCATALOG_COMPILER_GLOBAL_ACCENT_COLOR_NAME = AccentColor;
				CODE_SIGN_STYLE = Automatic;
				INFOPLIST_FILE = SeSAC_05Week/Info.plist;
				LD_RUNPATH_SEARCH_PATHS = (
					"$(inherited)",
					"@executable_path/Frameworks",
				);
				PRODUCT_BUNDLE_IDENTIFIER = "com.jiyoung.SeSAC-05Week";
				PRODUCT_NAME = "$(TARGET_NAME)";
				SWIFT_VERSION = 5.0;
				TARGETED_DEVICE_FAMILY = "1,2";
			};
			name = Release;
		};
/* End XCBuildConfiguration section */

/* Begin XCConfigurationList section */
		3E4082412726445000E25A99 /* Build configuration list for PBXProject "SeSAC_05Week" */ = {
			isa = XCConfigurationList;
			buildConfigurations = (
				3E4082582726445300E25A99 /* Debug */,
				3E4082592726445300E25A99 /* Release */,
			);
			defaultConfigurationIsVisible = 0;
			defaultConfigurationName = Release;
		};
		3E40825A2726445300E25A99 /* Build configuration list for PBXNativeTarget "SeSAC_05Week" */ = {
			isa = XCConfigurationList;
			buildConfigurations = (
				3E40825B2726445300E25A99 /* Debug */,
				3E40825C2726445300E25A99 /* Release */,
			);
			defaultConfigurationIsVisible = 0;
			defaultConfigurationName = Release;
		};
/* End XCConfigurationList section */

/* Begin XCRemoteSwiftPackageReference section */
		3E40825E272644A000E25A99 /* XCRemoteSwiftPackageReference "Alamofire" */ = {
			isa = XCRemoteSwiftPackageReference;
			repositoryURL = "https://github.com/Alamofire/Alamofire.git";
			requirement = {
				kind = upToNextMajorVersion;
				minimumVersion = 5.4.4;
			};
		};
		3E408262272644EF00E25A99 /* XCRemoteSwiftPackageReference "SwiftyJSON" */ = {
			isa = XCRemoteSwiftPackageReference;
			repositoryURL = "https://github.com/SwiftyJSON/SwiftyJSON.git";
			requirement = {
				kind = exactVersion;
				version = 5.0.0;
			};
		};
		3E4082BB2727E91100E25A99 /* XCRemoteSwiftPackageReference "Kingfisher" */ = {
			isa = XCRemoteSwiftPackageReference;
			repositoryURL = "https://github.com/onevcat/Kingfisher.git";
			requirement = {
				kind = upToNextMajorVersion;
				minimumVersion = 7.1.1;
			};
		};
		3E4082E7272A225000E25A99 /* XCRemoteSwiftPackageReference "JGProgressHUD" */ = {
			isa = XCRemoteSwiftPackageReference;
			repositoryURL = "https://github.com/JonasGessner/JGProgressHUD.git";
			requirement = {
				kind = upToNextMajorVersion;
				minimumVersion = 2.2.0;
			};
		};
/* End XCRemoteSwiftPackageReference section */

/* Begin XCSwiftPackageProductDependency section */
		3E40825F272644A000E25A99 /* Alamofire */ = {
			isa = XCSwiftPackageProductDependency;
			package = 3E40825E272644A000E25A99 /* XCRemoteSwiftPackageReference "Alamofire" */;
			productName = Alamofire;
		};
		3E408263272644EF00E25A99 /* SwiftyJSON */ = {
			isa = XCSwiftPackageProductDependency;
			package = 3E408262272644EF00E25A99 /* XCRemoteSwiftPackageReference "SwiftyJSON" */;
			productName = SwiftyJSON;
		};
		3E4082BC2727E91200E25A99 /* Kingfisher */ = {
			isa = XCSwiftPackageProductDependency;
			package = 3E4082BB2727E91100E25A99 /* XCRemoteSwiftPackageReference "Kingfisher" */;
			productName = Kingfisher;
		};
		3E4082E8272A225000E25A99 /* JGProgressHUD */ = {
			isa = XCSwiftPackageProductDependency;
			package = 3E4082E7272A225000E25A99 /* XCRemoteSwiftPackageReference "JGProgressHUD" */;
			productName = JGProgressHUD;
		};
/* End XCSwiftPackageProductDependency section */
	};
	rootObject = 3E40823E2726445000E25A99 /* Project object */;
}
