PODS:
  - JGProgressHUD (2.2)
  - Realm (10.18.0):
    - Realm/Headers (= 10.18.0)
  - Realm/Headers (10.18.0)
  - RealmSwift (10.18.0):
    - Realm (= 10.18.0)
  - Toast-Swift (5.0.1)
  - Zip (2.1.1)

DEPENDENCIES:
  - JGProgressHUD
  - RealmSwift (~> 10)
  - Toast-Swift (~> 5.0.1)
  - Zip (~> 2.1)

SPEC REPOS:
  trunk:
    - JGProgressHUD
    - Realm
    - RealmSwift
    - Toast-Swift
    - Zip

SPEC CHECKSUMS:
  JGProgressHUD: d83d7a981b85d11205e19ff8ad5bb9c40571c847
  Realm: b8b0a36bf48c39c50fd8cee7ac34005e6d887ddd
  RealmSwift: fe2f33d731f47aaf4c3618930f9f7cf7b935c33f
  Toast-Swift: 9b6a70f28b3bf0b96c40d46c0c4b9d6639846711
  Zip: 414f59909701fda9a84ab774ebe0f5449b1082cc

PODFILE CHECKSUM: 4eb6a02d814ed0794dda7b5329615cd7d0b5025a

COCOAPODS: 1.11.2
