// !$*UTF8*$!
{
	archiveVersion = 1;
	classes = {
	};
	objectVersion = 51;
	objects = {

/* Begin PBXBuildFile section */
		3B6DCF429058BC1B1CC1AC85 /* Pods_11ShoppingList.framework in Frameworks */ = {isa = PBXBuildFile; fileRef = 02DAE4CAE12A38C6C37422C4 /* Pods_11ShoppingList.framework */; };
		3EA0766E27313F5000D27100 /* RealmModel.swift in Sources */ = {isa = PBXBuildFile; fileRef = 3EA0766D27313F5000D27100 /* RealmModel.swift */; };
		3EE9A7C92716D73900EFAF97 /* AppDelegate.swift in Sources */ = {isa = PBXBuildFile; fileRef = 3EE9A7C82716D73900EFAF97 /* AppDelegate.swift */; };
		3EE9A7CB2716D73900EFAF97 /* SceneDelegate.swift in Sources */ = {isa = PBXBuildFile; fileRef = 3EE9A7CA2716D73900EFAF97 /* SceneDelegate.swift */; };
		3EE9A7CD2716D73900EFAF97 /* ViewController.swift in Sources */ = {isa = PBXBuildFile; fileRef = 3EE9A7CC2716D73900EFAF97 /* ViewController.swift */; };
		3EE9A7D02716D73900EFAF97 /* Main.storyboard in Resources */ = {isa = PBXBuildFile; fileRef = 3EE9A7CE2716D73900EFAF97 /* Main.storyboard */; };
		3EE9A7D22716D73D00EFAF97 /* Assets.xcassets in Resources */ = {isa = PBXBuildFile; fileRef = 3EE9A7D12716D73D00EFAF97 /* Assets.xcassets */; };
		3EE9A7D52716D73D00EFAF97 /* LaunchScreen.storyboard in Resources */ = {isa = PBXBuildFile; fileRef = 3EE9A7D32716D73D00EFAF97 /* LaunchScreen.storyboard */; };
		3EE9A7EF2717D70800EFAF97 /* ShoppingListCell.swift in Sources */ = {isa = PBXBuildFile; fileRef = 3EE9A7EE2717D70800EFAF97 /* ShoppingListCell.swift */; };
		3EE9A7F627182DB900EFAF97 /* ShoppingListViewController.swift in Sources */ = {isa = PBXBuildFile; fileRef = 3EE9A7F527182DB900EFAF97 /* ShoppingListViewController.swift */; };
		3EE9A7FA271837F400EFAF97 /* ShoppingList.swift in Sources */ = {isa = PBXBuildFile; fileRef = 3EE9A7F9271837F400EFAF97 /* ShoppingList.swift */; };
/* End PBXBuildFile section */

/* Begin PBXFileReference section */
		02DAE4CAE12A38C6C37422C4 /* Pods_11ShoppingList.framework */ = {isa = PBXFileReference; explicitFileType = wrapper.framework; includeInIndex = 0; path = Pods_11ShoppingList.framework; sourceTree = BUILT_PRODUCTS_DIR; };
		3EA0766D27313F5000D27100 /* RealmModel.swift */ = {isa = PBXFileReference; lastKnownFileType = sourcecode.swift; path = RealmModel.swift; sourceTree = "<group>"; };
		3EE9A7C52716D73900EFAF97 /* 11ShoppingList.app */ = {isa = PBXFileReference; explicitFileType = wrapper.application; includeInIndex = 0; path = 11ShoppingList.app; sourceTree = BUILT_PRODUCTS_DIR; };
		3EE9A7C82716D73900EFAF97 /* AppDelegate.swift */ = {isa = PBXFileReference; lastKnownFileType = sourcecode.swift; path = AppDelegate.swift; sourceTree = "<group>"; };
		3EE9A7CA2716D73900EFAF97 /* SceneDelegate.swift */ = {isa = PBXFileReference; lastKnownFileType = sourcecode.swift; path = SceneDelegate.swift; sourceTree = "<group>"; };
		3EE9A7CC2716D73900EFAF97 /* ViewController.swift */ = {isa = PBXFileReference; lastKnownFileType = sourcecode.swift; path = ViewController.swift; sourceTree = "<group>"; };
		3EE9A7CF2716D73900EFAF97 /* Base */ = {isa = PBXFileReference; lastKnownFileType = file.storyboard; name = Base; path = Base.lproj/Main.storyboard; sourceTree = "<group>"; };
		3EE9A7D12716D73D00EFAF97 /* Assets.xcassets */ = {isa = PBXFileReference; lastKnownFileType = folder.assetcatalog; path = Assets.xcassets; sourceTree = "<group>"; };
		3EE9A7D42716D73D00EFAF97 /* Base */ = {isa = PBXFileReference; lastKnownFileType = file.storyboard; name = Base; path = Base.lproj/LaunchScreen.storyboard; sourceTree = "<group>"; };
		3EE9A7D62716D73D00EFAF97 /* Info.plist */ = {isa = PBXFileReference; lastKnownFileType = text.plist.xml; path = Info.plist; sourceTree = "<group>"; };
		3EE9A7EE2717D70800EFAF97 /* ShoppingListCell.swift */ = {isa = PBXFileReference; lastKnownFileType = sourcecode.swift; path = ShoppingListCell.swift; sourceTree = "<group>"; };
		3EE9A7F527182DB900EFAF97 /* ShoppingListViewController.swift */ = {isa = PBXFileReference; lastKnownFileType = sourcecode.swift; path = ShoppingListViewController.swift; sourceTree = "<group>"; };
		3EE9A7F9271837F400EFAF97 /* ShoppingList.swift */ = {isa = PBXFileReference; lastKnownFileType = sourcecode.swift; path = ShoppingList.swift; sourceTree = "<group>"; };
		4CB6D9E31C118422A6F240DB /* Pods-11ShoppingList.debug.xcconfig */ = {isa = PBXFileReference; includeInIndex = 1; lastKnownFileType = text.xcconfig; name = "Pods-11ShoppingList.debug.xcconfig"; path = "Target Support Files/Pods-11ShoppingList/Pods-11ShoppingList.debug.xcconfig"; sourceTree = "<group>"; };
		8C7DEA9D72525E11E50EC5BE /* Pods-11ShoppingList.release.xcconfig */ = {isa = PBXFileReference; includeInIndex = 1; lastKnownFileType = text.xcconfig; name = "Pods-11ShoppingList.release.xcconfig"; path = "Target Support Files/Pods-11ShoppingList/Pods-11ShoppingList.release.xcconfig"; sourceTree = "<group>"; };
/* End PBXFileReference section */

/* Begin PBXFrameworksBuildPhase section */
		3EE9A7C22716D73900EFAF97 /* Frameworks */ = {
			isa = PBXFrameworksBuildPhase;
			buildActionMask = 2147483647;
			files = (
				3B6DCF429058BC1B1CC1AC85 /* Pods_11ShoppingList.framework in Frameworks */,
			);
			runOnlyForDeploymentPostprocessing = 0;
		};
/* End PBXFrameworksBuildPhase section */

/* Begin PBXGroup section */
		0F8EB7D9152101EAE89F85C3 /* Pods */ = {
			isa = PBXGroup;
			children = (
				4CB6D9E31C118422A6F240DB /* Pods-11ShoppingList.debug.xcconfig */,
				8C7DEA9D72525E11E50EC5BE /* Pods-11ShoppingList.release.xcconfig */,
			);
			path = Pods;
			sourceTree = "<group>";
		};
		3EE9A7BC2716D73900EFAF97 = {
			isa = PBXGroup;
			children = (
				3EE9A7C72716D73900EFAF97 /* 11ShoppingList */,
				3EE9A7C62716D73900EFAF97 /* Products */,
				0F8EB7D9152101EAE89F85C3 /* Pods */,
				63C012CC554919A85036262D /* Frameworks */,
			);
			sourceTree = "<group>";
		};
		3EE9A7C62716D73900EFAF97 /* Products */ = {
			isa = PBXGroup;
			children = (
				3EE9A7C52716D73900EFAF97 /* 11ShoppingList.app */,
			);
			name = Products;
			sourceTree = "<group>";
		};
		3EE9A7C72716D73900EFAF97 /* 11ShoppingList */ = {
			isa = PBXGroup;
			children = (
				3EE9A7C82716D73900EFAF97 /* AppDelegate.swift */,
				3EE9A7CA2716D73900EFAF97 /* SceneDelegate.swift */,
				3EE9A7CC2716D73900EFAF97 /* ViewController.swift */,
				3EE9A7EE2717D70800EFAF97 /* ShoppingListCell.swift */,
				3EE9A7CE2716D73900EFAF97 /* Main.storyboard */,
				3EE9A7F527182DB900EFAF97 /* ShoppingListViewController.swift */,
				3EE9A7F9271837F400EFAF97 /* ShoppingList.swift */,
				3EE9A7D12716D73D00EFAF97 /* Assets.xcassets */,
				3EE9A7D32716D73D00EFAF97 /* LaunchScreen.storyboard */,
				3EE9A7D62716D73D00EFAF97 /* Info.plist */,
				3EA0766D27313F5000D27100 /* RealmModel.swift */,
			);
			path = 11ShoppingList;
			sourceTree = "<group>";
		};
		63C012CC554919A85036262D /* Frameworks */ = {
			isa = PBXGroup;
			children = (
				02DAE4CAE12A38C6C37422C4 /* Pods_11ShoppingList.framework */,
			);
			name = Frameworks;
			sourceTree = "<group>";
		};
/* End PBXGroup section */

/* Begin PBXNativeTarget section */
		3EE9A7C42716D73900EFAF97 /* 11ShoppingList */ = {
			isa = PBXNativeTarget;
			buildConfigurationList = 3EE9A7D92716D73D00EFAF97 /* Build configuration list for PBXNativeTarget "11ShoppingList" */;
			buildPhases = (
				E10BA2956CBD4A92F8ECF64C /* [CP] Check Pods Manifest.lock */,
				3EE9A7C12716D73900EFAF97 /* Sources */,
				3EE9A7C22716D73900EFAF97 /* Frameworks */,
				3EE9A7C32716D73900EFAF97 /* Resources */,
				AE23B0B32AD2FEB37F67C591 /* [CP] Embed Pods Frameworks */,
			);
			buildRules = (
			);
			dependencies = (
			);
			name = 11ShoppingList;
			productName = 11ShoppingList;
			productReference = 3EE9A7C52716D73900EFAF97 /* 11ShoppingList.app */;
			productType = "com.apple.product-type.application";
		};
/* End PBXNativeTarget section */

/* Begin PBXProject section */
		3EE9A7BD2716D73900EFAF97 /* Project object */ = {
			isa = PBXProject;
			attributes = {
				LastSwiftUpdateCheck = 1240;
				LastUpgradeCheck = 1240;
				TargetAttributes = {
					3EE9A7C42716D73900EFAF97 = {
						CreatedOnToolsVersion = 12.4;
					};
				};
			};
			buildConfigurationList = 3EE9A7C02716D73900EFAF97 /* Build configuration list for PBXProject "11ShoppingList" */;
			compatibilityVersion = "Xcode 9.3";
			developmentRegion = en;
			hasScannedForEncodings = 0;
			knownRegions = (
				en,
				Base,
			);
			mainGroup = 3EE9A7BC2716D73900EFAF97;
			productRefGroup = 3EE9A7C62716D73900EFAF97 /* Products */;
			projectDirPath = "";
			projectRoot = "";
			targets = (
				3EE9A7C42716D73900EFAF97 /* 11ShoppingList */,
			);
		};
/* End PBXProject section */

/* Begin PBXResourcesBuildPhase section */
		3EE9A7C32716D73900EFAF97 /* Resources */ = {
			isa = PBXResourcesBuildPhase;
			buildActionMask = 2147483647;
			files = (
				3EE9A7D52716D73D00EFAF97 /* LaunchScreen.storyboard in Resources */,
				3EE9A7D22716D73D00EFAF97 /* Assets.xcassets in Resources */,
				3EE9A7D02716D73900EFAF97 /* Main.storyboard in Resources */,
			);
			runOnlyForDeploymentPostprocessing = 0;
		};
/* End PBXResourcesBuildPhase section */

/* Begin PBXShellScriptBuildPhase section */
		AE23B0B32AD2FEB37F67C591 /* [CP] Embed Pods Frameworks */ = {
			isa = PBXShellScriptBuildPhase;
			buildActionMask = 2147483647;
			files = (
			);
			inputFileListPaths = (
				"${PODS_ROOT}/Target Support Files/Pods-11ShoppingList/Pods-11ShoppingList-frameworks-${CONFIGURATION}-input-files.xcfilelist",
			);
			name = "[CP] Embed Pods Frameworks";
			outputFileListPaths = (
				"${PODS_ROOT}/Target Support Files/Pods-11ShoppingList/Pods-11ShoppingList-frameworks-${CONFIGURATION}-output-files.xcfilelist",
			);
			runOnlyForDeploymentPostprocessing = 0;
			shellPath = /bin/sh;
			shellScript = "\"${PODS_ROOT}/Target Support Files/Pods-11ShoppingList/Pods-11ShoppingList-frameworks.sh\"\n";
			showEnvVarsInLog = 0;
		};
		E10BA2956CBD4A92F8ECF64C /* [CP] Check Pods Manifest.lock */ = {
			isa = PBXShellScriptBuildPhase;
			buildActionMask = 2147483647;
			files = (
			);
			inputFileListPaths = (
			);
			inputPaths = (
				"${PODS_PODFILE_DIR_PATH}/Podfile.lock",
				"${PODS_ROOT}/Manifest.lock",
			);
			name = "[CP] Check Pods Manifest.lock";
			outputFileListPaths = (
			);
			outputPaths = (
				"$(DERIVED_FILE_DIR)/Pods-11ShoppingList-checkManifestLockResult.txt",
			);
			runOnlyForDeploymentPostprocessing = 0;
			shellPath = /bin/sh;
			shellScript = "diff \"${PODS_PODFILE_DIR_PATH}/Podfile.lock\" \"${PODS_ROOT}/Manifest.lock\" > /dev/null\nif [ $? != 0 ] ; then\n    # print error to STDERR\n    echo \"error: The sandbox is not in sync with the Podfile.lock. Run 'pod install' or update your CocoaPods installation.\" >&2\n    exit 1\nfi\n# This output is used by Xcode 'outputs' to avoid re-running this script phase.\necho \"SUCCESS\" > \"${SCRIPT_OUTPUT_FILE_0}\"\n";
			showEnvVarsInLog = 0;
		};
/* End PBXShellScriptBuildPhase section */

/* Begin PBXSourcesBuildPhase section */
		3EE9A7C12716D73900EFAF97 /* Sources */ = {
			isa = PBXSourcesBuildPhase;
			buildActionMask = 2147483647;
			files = (
				3EE9A7CD2716D73900EFAF97 /* ViewController.swift in Sources */,
				3EA0766E27313F5000D27100 /* RealmModel.swift in Sources */,
				3EE9A7FA271837F400EFAF97 /* ShoppingList.swift in Sources */,
				3EE9A7C92716D73900EFAF97 /* AppDelegate.swift in Sources */,
				3EE9A7F627182DB900EFAF97 /* ShoppingListViewController.swift in Sources */,
				3EE9A7CB2716D73900EFAF97 /* SceneDelegate.swift in Sources */,
				3EE9A7EF2717D70800EFAF97 /* ShoppingListCell.swift in Sources */,
			);
			runOnlyForDeploymentPostprocessing = 0;
		};
/* End PBXSourcesBuildPhase section */

/* Begin PBXVariantGroup section */
		3EE9A7CE2716D73900EFAF97 /* Main.storyboard */ = {
			isa = PBXVariantGroup;
			children = (
				3EE9A7CF2716D73900EFAF97 /* Base */,
			);
			name = Main.storyboard;
			sourceTree = "<group>";
		};
		3EE9A7D32716D73D00EFAF97 /* LaunchScreen.storyboard */ = {
			isa = PBXVariantGroup;
			children = (
				3EE9A7D42716D73D00EFAF97 /* Base */,
			);
			name = LaunchScreen.storyboard;
			sourceTree = "<group>";
		};
/* End PBXVariantGroup section */

/* Begin XCBuildConfiguration section */
		3EE9A7D72716D73D00EFAF97 /* Debug */ = {
			isa = XCBuildConfiguration;
			buildSettings = {
				ALWAYS_SEARCH_USER_PATHS = NO;
				CLANG_ANALYZER_NONNULL = YES;
				CLANG_ANALYZER_NUMBER_OBJECT_CONVERSION = YES_AGGRESSIVE;
				CLANG_CXX_LANGUAGE_STANDARD = "gnu++14";
				CLANG_CXX_LIBRARY = "libc++";
				CLANG_ENABLE_MODULES = YES;
				CLANG_ENABLE_OBJC_ARC = YES;
				CLANG_ENABLE_OBJC_WEAK = YES;
				CLANG_WARN_BLOCK_CAPTURE_AUTORELEASING = YES;
				CLANG_WARN_BOOL_CONVERSION = YES;
				CLANG_WARN_COMMA = YES;
				CLANG_WARN_CONSTANT_CONVERSION = YES;
				CLANG_WARN_DEPRECATED_OBJC_IMPLEMENTATIONS = YES;
				CLANG_WARN_DIRECT_OBJC_ISA_USAGE = YES_ERROR;
				CLANG_WARN_DOCUMENTATION_COMMENTS = YES;
				CLANG_WARN_EMPTY_BODY = YES;
				CLANG_WARN_ENUM_CONVERSION = YES;
				CLANG_WARN_INFINITE_RECURSION = YES;
				CLANG_WARN_INT_CONVERSION = YES;
				CLANG_WARN_NON_LITERAL_NULL_CONVERSION = YES;
				CLANG_WARN_OBJC_IMPLICIT_RETAIN_SELF = YES;
				CLANG_WARN_OBJC_LITERAL_CONVERSION = YES;
				CLANG_WARN_OBJC_ROOT_CLASS = YES_ERROR;
				CLANG_WARN_QUOTED_INCLUDE_IN_FRAMEWORK_HEADER = YES;
				CLANG_WARN_RANGE_LOOP_ANALYSIS = YES;
				CLANG_WARN_STRICT_PROTOTYPES = YES;
				CLANG_WARN_SUSPICIOUS_MOVE = YES;
				CLANG_WARN_UNGUARDED_AVAILABILITY = YES_AGGRESSIVE;
				CLANG_WARN_UNREACHABLE_CODE = YES;
				CLANG_WARN__DUPLICATE_METHOD_MATCH = YES;
				COPY_PHASE_STRIP = NO;
				DEBUG_INFORMATION_FORMAT = dwarf;
				ENABLE_STRICT_OBJC_MSGSEND = YES;
				ENABLE_TESTABILITY = YES;
				GCC_C_LANGUAGE_STANDARD = gnu11;
				GCC_DYNAMIC_NO_PIC = NO;
				GCC_NO_COMMON_BLOCKS = YES;
				GCC_OPTIMIZATION_LEVEL = 0;
				GCC_PREPROCESSOR_DEFINITIONS = (
					"DEBUG=1",
					"$(inherited)",
				);
				GCC_WARN_64_TO_32_BIT_CONVERSION = YES;
				GCC_WARN_ABOUT_RETURN_TYPE = YES_ERROR;
				GCC_WARN_UNDECLARED_SELECTOR = YES;
				GCC_WARN_UNINITIALIZED_AUTOS = YES_AGGRESSIVE;
				GCC_WARN_UNUSED_FUNCTION = YES;
				GCC_WARN_UNUSED_VARIABLE = YES;
				IPHONEOS_DEPLOYMENT_TARGET = 14.4;
				MTL_ENABLE_DEBUG_INFO = INCLUDE_SOURCE;
				MTL_FAST_MATH = YES;
				ONLY_ACTIVE_ARCH = YES;
				SDKROOT = iphoneos;
				SWIFT_ACTIVE_COMPILATION_CONDITIONS = DEBUG;
				SWIFT_OPTIMIZATION_LEVEL = "-Onone";
			};
			name = Debug;
		};
		3EE9A7D82716D73D00EFAF97 /* Release */ = {
			isa = XCBuildConfiguration;
			buildSettings = {
				ALWAYS_SEARCH_USER_PATHS = NO;
				CLANG_ANALYZER_NONNULL = YES;
				CLANG_ANALYZER_NUMBER_OBJECT_CONVERSION = YES_AGGRESSIVE;
				CLANG_CXX_LANGUAGE_STANDARD = "gnu++14";
				CLANG_CXX_LIBRARY = "libc++";
				CLANG_ENABLE_MODULES = YES;
				CLANG_ENABLE_OBJC_ARC = YES;
				CLANG_ENABLE_OBJC_WEAK = YES;
				CLANG_WARN_BLOCK_CAPTURE_AUTORELEASING = YES;
				CLANG_WARN_BOOL_CONVERSION = YES;
				CLANG_WARN_COMMA = YES;
				CLANG_WARN_CONSTANT_CONVERSION = YES;
				CLANG_WARN_DEPRECATED_OBJC_IMPLEMENTATIONS = YES;
				CLANG_WARN_DIRECT_OBJC_ISA_USAGE = YES_ERROR;
				CLANG_WARN_DOCUMENTATION_COMMENTS = YES;
				CLANG_WARN_EMPTY_BODY = YES;
				CLANG_WARN_ENUM_CONVERSION = YES;
				CLANG_WARN_INFINITE_RECURSION = YES;
				CLANG_WARN_INT_CONVERSION = YES;
				CLANG_WARN_NON_LITERAL_NULL_CONVERSION = YES;
				CLANG_WARN_OBJC_IMPLICIT_RETAIN_SELF = YES;
				CLANG_WARN_OBJC_LITERAL_CONVERSION = YES;
				CLANG_WARN_OBJC_ROOT_CLASS = YES_ERROR;
				CLANG_WARN_QUOTED_INCLUDE_IN_FRAMEWORK_HEADER = YES;
				CLANG_WARN_RANGE_LOOP_ANALYSIS = YES;
				CLANG_WARN_STRICT_PROTOTYPES = YES;
				CLANG_WARN_SUSPICIOUS_MOVE = YES;
				CLANG_WARN_UNGUARDED_AVAILABILITY = YES_AGGRESSIVE;
				CLANG_WARN_UNREACHABLE_CODE = YES;
				CLANG_WARN__DUPLICATE_METHOD_MATCH = YES;
				COPY_PHASE_STRIP = NO;
				DEBUG_INFORMATION_FORMAT = "dwarf-with-dsym";
				ENABLE_NS_ASSERTIONS = NO;
				ENABLE_STRICT_OBJC_MSGSEND = YES;
				GCC_C_LANGUAGE_STANDARD = gnu11;
				GCC_NO_COMMON_BLOCKS = YES;
				GCC_WARN_64_TO_32_BIT_CONVERSION = YES;
				GCC_WARN_ABOUT_RETURN_TYPE = YES_ERROR;
				GCC_WARN_UNDECLARED_SELECTOR = YES;
				GCC_WARN_UNINITIALIZED_AUTOS = YES_AGGRESSIVE;
				GCC_WARN_UNUSED_FUNCTION = YES;
				GCC_WARN_UNUSED_VARIABLE = YES;
				IPHONEOS_DEPLOYMENT_TARGET = 14.4;
				MTL_ENABLE_DEBUG_INFO = NO;
				MTL_FAST_MATH = YES;
				SDKROOT = iphoneos;
				SWIFT_COMPILATION_MODE = wholemodule;
				SWIFT_OPTIMIZATION_LEVEL = "-O";
				VALIDATE_PRODUCT = YES;
			};
			name = Release;
		};
		3EE9A7DA2716D73D00EFAF97 /* Debug */ = {
			isa = XCBuildConfiguration;
			baseConfigurationReference = 4CB6D9E31C118422A6F240DB /* Pods-11ShoppingList.debug.xcconfig */;
			buildSettings = {
				ASSETCATALOG_COMPILER_APPICON_NAME = AppIcon;
				ASSETCATALOG_COMPILER_GLOBAL_ACCENT_COLOR_NAME = AccentColor;
				CODE_SIGN_STYLE = Automatic;
				INFOPLIST_FILE = 11ShoppingList/Info.plist;
				LD_RUNPATH_SEARCH_PATHS = (
					"$(inherited)",
					"@executable_path/Frameworks",
				);
				PRODUCT_BUNDLE_IDENTIFIER = "com.jiyoung.-1ShoppingList";
				PRODUCT_NAME = "$(TARGET_NAME)";
				SWIFT_VERSION = 5.0;
				TARGETED_DEVICE_FAMILY = "1,2";
			};
			name = Debug;
		};
		3EE9A7DB2716D73D00EFAF97 /* Release */ = {
			isa = XCBuildConfiguration;
			baseConfigurationReference = 8C7DEA9D72525E11E50EC5BE /* Pods-11ShoppingList.release.xcconfig */;
			buildSettings = {
				ASSETCATALOG_COMPILER_APPICON_NAME = AppIcon;
				ASSETCATALOG_COMPILER_GLOBAL_ACCENT_COLOR_NAME = AccentColor;
				CODE_SIGN_STYLE = Automatic;
				INFOPLIST_FILE = 11ShoppingList/Info.plist;
				LD_RUNPATH_SEARCH_PATHS = (
					"$(inherited)",
					"@executable_path/Frameworks",
				);
				PRODUCT_BUNDLE_IDENTIFIER = "com.jiyoung.-1ShoppingList";
				PRODUCT_NAME = "$(TARGET_NAME)";
				SWIFT_VERSION = 5.0;
				TARGETED_DEVICE_FAMILY = "1,2";
			};
			name = Release;
		};
/* End XCBuildConfiguration section */

/* Begin XCConfigurationList section */
		3EE9A7C02716D73900EFAF97 /* Build configuration list for PBXProject "11ShoppingList" */ = {
			isa = XCConfigurationList;
			buildConfigurations = (
				3EE9A7D72716D73D00EFAF97 /* Debug */,
				3EE9A7D82716D73D00EFAF97 /* Release */,
			);
			defaultConfigurationIsVisible = 0;
			defaultConfigurationName = Release;
		};
		3EE9A7D92716D73D00EFAF97 /* Build configuration list for PBXNativeTarget "11ShoppingList" */ = {
			isa = XCConfigurationList;
			buildConfigurations = (
				3EE9A7DA2716D73D00EFAF97 /* Debug */,
				3EE9A7DB2716D73D00EFAF97 /* Release */,
			);
			defaultConfigurationIsVisible = 0;
			defaultConfigurationName = Release;
		};
/* End XCConfigurationList section */
	};
	rootObject = 3EE9A7BD2716D73900EFAF97 /* Project object */;
}
