// !$*UTF8*$!
{
	archiveVersion = 1;
	classes = {
	};
	objectVersion = 55;
	objects = {

/* Begin PBXBuildFile section */
		B53289AF2766CAE400689C40 /* AppDelegate.swift in Sources */ = {isa = PBXBuildFile; fileRef = B53289AE2766CAE400689C40 /* AppDelegate.swift */; };
		B53289B12766CAE400689C40 /* SceneDelegate.swift in Sources */ = {isa = PBXBuildFile; fileRef = B53289B02766CAE400689C40 /* SceneDelegate.swift */; };
		B53289B32766CAE400689C40 /* ViewController.swift in Sources */ = {isa = PBXBuildFile; fileRef = B53289B22766CAE400689C40 /* ViewController.swift */; };
		B53289B82766CAE400689C40 /* Assets.xcassets in Resources */ = {isa = PBXBuildFile; fileRef = B53289B72766CAE400689C40 /* Assets.xcassets */; };
		B53289BB2766CAE400689C40 /* LaunchScreen.storyboard in Resources */ = {isa = PBXBuildFile; fileRef = B53289B92766CAE400689C40 /* LaunchScreen.storyboard */; };
		B53289C32766CCAA00689C40 /* SqureBoxView.xib in Resources */ = {isa = PBXBuildFile; fileRef = B53289C22766CCAA00689C40 /* SqureBoxView.xib */; };
		B53289C52766CCF300689C40 /* SqureBoxView.swift in Sources */ = {isa = PBXBuildFile; fileRef = B53289C42766CCF300689C40 /* SqureBoxView.swift */; };
		B53289C72766DD6A00689C40 /* BannerView.swift in Sources */ = {isa = PBXBuildFile; fileRef = B53289C62766DD6A00689C40 /* BannerView.swift */; };
		B53289C92766E06500689C40 /* DetailViewController.swift in Sources */ = {isa = PBXBuildFile; fileRef = B53289C82766E06500689C40 /* DetailViewController.swift */; };
		B53289CB2766E49E00689C40 /* MainActivateButton.swift in Sources */ = {isa = PBXBuildFile; fileRef = B53289CA2766E49E00689C40 /* MainActivateButton.swift */; };
/* End PBXBuildFile section */

/* Begin PBXFileReference section */
		B53289AB2766CAE400689C40 /* SeSAC_12Week.app */ = {isa = PBXFileReference; explicitFileType = wrapper.application; includeInIndex = 0; path = SeSAC_12Week.app; sourceTree = BUILT_PRODUCTS_DIR; };
		B53289AE2766CAE400689C40 /* AppDelegate.swift */ = {isa = PBXFileReference; lastKnownFileType = sourcecode.swift; path = AppDelegate.swift; sourceTree = "<group>"; };
		B53289B02766CAE400689C40 /* SceneDelegate.swift */ = {isa = PBXFileReference; lastKnownFileType = sourcecode.swift; path = SceneDelegate.swift; sourceTree = "<group>"; };
		B53289B22766CAE400689C40 /* ViewController.swift */ = {isa = PBXFileReference; lastKnownFileType = sourcecode.swift; path = ViewController.swift; sourceTree = "<group>"; };
		B53289B72766CAE400689C40 /* Assets.xcassets */ = {isa = PBXFileReference; lastKnownFileType = folder.assetcatalog; path = Assets.xcassets; sourceTree = "<group>"; };
		B53289BA2766CAE400689C40 /* Base */ = {isa = PBXFileReference; lastKnownFileType = file.storyboard; name = Base; path = Base.lproj/LaunchScreen.storyboard; sourceTree = "<group>"; };
		B53289BC2766CAE400689C40 /* Info.plist */ = {isa = PBXFileReference; lastKnownFileType = text.plist.xml; path = Info.plist; sourceTree = "<group>"; };
		B53289C22766CCAA00689C40 /* SqureBoxView.xib */ = {isa = PBXFileReference; lastKnownFileType = file.xib; path = SqureBoxView.xib; sourceTree = "<group>"; };
		B53289C42766CCF300689C40 /* SqureBoxView.swift */ = {isa = PBXFileReference; lastKnownFileType = sourcecode.swift; path = SqureBoxView.swift; sourceTree = "<group>"; };
		B53289C62766DD6A00689C40 /* BannerView.swift */ = {isa = PBXFileReference; lastKnownFileType = sourcecode.swift; path = BannerView.swift; sourceTree = "<group>"; };
		B53289C82766E06500689C40 /* DetailViewController.swift */ = {isa = PBXFileReference; lastKnownFileType = sourcecode.swift; path = DetailViewController.swift; sourceTree = "<group>"; };
		B53289CA2766E49E00689C40 /* MainActivateButton.swift */ = {isa = PBXFileReference; lastKnownFileType = sourcecode.swift; path = MainActivateButton.swift; sourceTree = "<group>"; };
/* End PBXFileReference section */

/* Begin PBXFrameworksBuildPhase section */
		B53289A82766CAE400689C40 /* Frameworks */ = {
			isa = PBXFrameworksBuildPhase;
			buildActionMask = 2147483647;
			files = (
			);
			runOnlyForDeploymentPostprocessing = 0;
		};
/* End PBXFrameworksBuildPhase section */

/* Begin PBXGroup section */
		B53289A22766CAE400689C40 = {
			isa = PBXGroup;
			children = (
				B53289AD2766CAE400689C40 /* SeSAC_12Week */,
				B53289AC2766CAE400689C40 /* Products */,
			);
			sourceTree = "<group>";
		};
		B53289AC2766CAE400689C40 /* Products */ = {
			isa = PBXGroup;
			children = (
				B53289AB2766CAE400689C40 /* SeSAC_12Week.app */,
			);
			name = Products;
			sourceTree = "<group>";
		};
		B53289AD2766CAE400689C40 /* SeSAC_12Week */ = {
			isa = PBXGroup;
			children = (
				B53289AE2766CAE400689C40 /* AppDelegate.swift */,
				B53289B02766CAE400689C40 /* SceneDelegate.swift */,
				B53289B22766CAE400689C40 /* ViewController.swift */,
				B53289C82766E06500689C40 /* DetailViewController.swift */,
				B53289C62766DD6A00689C40 /* BannerView.swift */,
				B53289C22766CCAA00689C40 /* SqureBoxView.xib */,
				B53289C42766CCF300689C40 /* SqureBoxView.swift */,
				B53289CA2766E49E00689C40 /* MainActivateButton.swift */,
				B53289B72766CAE400689C40 /* Assets.xcassets */,
				B53289B92766CAE400689C40 /* LaunchScreen.storyboard */,
				B53289BC2766CAE400689C40 /* Info.plist */,
			);
			path = SeSAC_12Week;
			sourceTree = "<group>";
		};
/* End PBXGroup section */

/* Begin PBXNativeTarget section */
		B53289AA2766CAE400689C40 /* SeSAC_12Week */ = {
			isa = PBXNativeTarget;
			buildConfigurationList = B53289BF2766CAE400689C40 /* Build configuration list for PBXNativeTarget "SeSAC_12Week" */;
			buildPhases = (
				B53289A72766CAE400689C40 /* Sources */,
				B53289A82766CAE400689C40 /* Frameworks */,
				B53289A92766CAE400689C40 /* Resources */,
			);
			buildRules = (
			);
			dependencies = (
			);
			name = SeSAC_12Week;
			productName = SeSAC_12Week;
			productReference = B53289AB2766CAE400689C40 /* SeSAC_12Week.app */;
			productType = "com.apple.product-type.application";
		};
/* End PBXNativeTarget section */

/* Begin PBXProject section */
		B53289A32766CAE400689C40 /* Project object */ = {
			isa = PBXProject;
			attributes = {
				BuildIndependentTargetsInParallel = 1;
				LastSwiftUpdateCheck = 1310;
				LastUpgradeCheck = 1310;
				TargetAttributes = {
					B53289AA2766CAE400689C40 = {
						CreatedOnToolsVersion = 13.1;
					};
				};
			};
			buildConfigurationList = B53289A62766CAE400689C40 /* Build configuration list for PBXProject "SeSAC_12Week" */;
			compatibilityVersion = "Xcode 13.0";
			developmentRegion = en;
			hasScannedForEncodings = 0;
			knownRegions = (
				en,
				Base,
			);
			mainGroup = B53289A22766CAE400689C40;
			productRefGroup = B53289AC2766CAE400689C40 /* Products */;
			projectDirPath = "";
			projectRoot = "";
			targets = (
				B53289AA2766CAE400689C40 /* SeSAC_12Week */,
			);
		};
/* End PBXProject section */

/* Begin PBXResourcesBuildPhase section */
		B53289A92766CAE400689C40 /* Resources */ = {
			isa = PBXResourcesBuildPhase;
			buildActionMask = 2147483647;
			files = (
				B53289BB2766CAE400689C40 /* LaunchScreen.storyboard in Resources */,
				B53289C32766CCAA00689C40 /* SqureBoxView.xib in Resources */,
				B53289B82766CAE400689C40 /* Assets.xcassets in Resources */,
			);
			runOnlyForDeploymentPostprocessing = 0;
		};
/* End PBXResourcesBuildPhase section */

/* Begin PBXSourcesBuildPhase section */
		B53289A72766CAE400689C40 /* Sources */ = {
			isa = PBXSourcesBuildPhase;
			buildActionMask = 2147483647;
			files = (
				B53289C72766DD6A00689C40 /* BannerView.swift in Sources */,
				B53289B32766CAE400689C40 /* ViewController.swift in Sources */,
				B53289C52766CCF300689C40 /* SqureBoxView.swift in Sources */,
				B53289C92766E06500689C40 /* DetailViewController.swift in Sources */,
				B53289AF2766CAE400689C40 /* AppDelegate.swift in Sources */,
				B53289B12766CAE400689C40 /* SceneDelegate.swift in Sources */,
				B53289CB2766E49E00689C40 /* MainActivateButton.swift in Sources */,
			);
			runOnlyForDeploymentPostprocessing = 0;
		};
/* End PBXSourcesBuildPhase section */

/* Begin PBXVariantGroup section */
		B53289B92766CAE400689C40 /* LaunchScreen.storyboard */ = {
			isa = PBXVariantGroup;
			children = (
				B53289BA2766CAE400689C40 /* Base */,
			);
			name = LaunchScreen.storyboard;
			sourceTree = "<group>";
		};
/* End PBXVariantGroup section */

/* Begin XCBuildConfiguration section */
		B53289BD2766CAE400689C40 /* Debug */ = {
			isa = XCBuildConfiguration;
			buildSettings = {
				ALWAYS_SEARCH_USER_PATHS = NO;
				CLANG_ANALYZER_NONNULL = YES;
				CLANG_ANALYZER_NUMBER_OBJECT_CONVERSION = YES_AGGRESSIVE;
				CLANG_CXX_LANGUAGE_STANDARD = "gnu++17";
				CLANG_CXX_LIBRARY = "libc++";
				CLANG_ENABLE_MODULES = YES;
				CLANG_ENABLE_OBJC_ARC = YES;
				CLANG_ENABLE_OBJC_WEAK = YES;
				CLANG_WARN_BLOCK_CAPTURE_AUTORELEASING = YES;
				CLANG_WARN_BOOL_CONVERSION = YES;
				CLANG_WARN_COMMA = YES;
				CLANG_WARN_CONSTANT_CONVERSION = YES;
				CLANG_WARN_DEPRECATED_OBJC_IMPLEMENTATIONS = YES;
				CLANG_WARN_DIRECT_OBJC_ISA_USAGE = YES_ERROR;
				CLANG_WARN_DOCUMENTATION_COMMENTS = YES;
				CLANG_WARN_EMPTY_BODY = YES;
				CLANG_WARN_ENUM_CONVERSION = YES;
				CLANG_WARN_INFINITE_RECURSION = YES;
				CLANG_WARN_INT_CONVERSION = YES;
				CLANG_WARN_NON_LITERAL_NULL_CONVERSION = YES;
				CLANG_WARN_OBJC_IMPLICIT_RETAIN_SELF = YES;
				CLANG_WARN_OBJC_LITERAL_CONVERSION = YES;
				CLANG_WARN_OBJC_ROOT_CLASS = YES_ERROR;
				CLANG_WARN_QUOTED_INCLUDE_IN_FRAMEWORK_HEADER = YES;
				CLANG_WARN_RANGE_LOOP_ANALYSIS = YES;
				CLANG_WARN_STRICT_PROTOTYPES = YES;
				CLANG_WARN_SUSPICIOUS_MOVE = YES;
				CLANG_WARN_UNGUARDED_AVAILABILITY = YES_AGGRESSIVE;
				CLANG_WARN_UNREACHABLE_CODE = YES;
				CLANG_WARN__DUPLICATE_METHOD_MATCH = YES;
				COPY_PHASE_STRIP = NO;
				DEBUG_INFORMATION_FORMAT = dwarf;
				ENABLE_STRICT_OBJC_MSGSEND = YES;
				ENABLE_TESTABILITY = YES;
				GCC_C_LANGUAGE_STANDARD = gnu11;
				GCC_DYNAMIC_NO_PIC = NO;
				GCC_NO_COMMON_BLOCKS = YES;
				GCC_OPTIMIZATION_LEVEL = 0;
				GCC_PREPROCESSOR_DEFINITIONS = (
					"DEBUG=1",
					"$(inherited)",
				);
				GCC_WARN_64_TO_32_BIT_CONVERSION = YES;
				GCC_WARN_ABOUT_RETURN_TYPE = YES_ERROR;
				GCC_WARN_UNDECLARED_SELECTOR = YES;
				GCC_WARN_UNINITIALIZED_AUTOS = YES_AGGRESSIVE;
				GCC_WARN_UNUSED_FUNCTION = YES;
				GCC_WARN_UNUSED_VARIABLE = YES;
				IPHONEOS_DEPLOYMENT_TARGET = 15.0;
				MTL_ENABLE_DEBUG_INFO = INCLUDE_SOURCE;
				MTL_FAST_MATH = YES;
				ONLY_ACTIVE_ARCH = YES;
				SDKROOT = iphoneos;
				SWIFT_ACTIVE_COMPILATION_CONDITIONS = DEBUG;
				SWIFT_OPTIMIZATION_LEVEL = "-Onone";
			};
			name = Debug;
		};
		B53289BE2766CAE400689C40 /* Release */ = {
			isa = XCBuildConfiguration;
			buildSettings = {
				ALWAYS_SEARCH_USER_PATHS = NO;
				CLANG_ANALYZER_NONNULL = YES;
				CLANG_ANALYZER_NUMBER_OBJECT_CONVERSION = YES_AGGRESSIVE;
				CLANG_CXX_LANGUAGE_STANDARD = "gnu++17";
				CLANG_CXX_LIBRARY = "libc++";
				CLANG_ENABLE_MODULES = YES;
				CLANG_ENABLE_OBJC_ARC = YES;
				CLANG_ENABLE_OBJC_WEAK = YES;
				CLANG_WARN_BLOCK_CAPTURE_AUTORELEASING = YES;
				CLANG_WARN_BOOL_CONVERSION = YES;
				CLANG_WARN_COMMA = YES;
				CLANG_WARN_CONSTANT_CONVERSION = YES;
				CLANG_WARN_DEPRECATED_OBJC_IMPLEMENTATIONS = YES;
				CLANG_WARN_DIRECT_OBJC_ISA_USAGE = YES_ERROR;
				CLANG_WARN_DOCUMENTATION_COMMENTS = YES;
				CLANG_WARN_EMPTY_BODY = YES;
				CLANG_WARN_ENUM_CONVERSION = YES;
				CLANG_WARN_INFINITE_RECURSION = YES;
				CLANG_WARN_INT_CONVERSION = YES;
				CLANG_WARN_NON_LITERAL_NULL_CONVERSION = YES;
				CLANG_WARN_OBJC_IMPLICIT_RETAIN_SELF = YES;
				CLANG_WARN_OBJC_LITERAL_CONVERSION = YES;
				CLANG_WARN_OBJC_ROOT_CLASS = YES_ERROR;
				CLANG_WARN_QUOTED_INCLUDE_IN_FRAMEWORK_HEADER = YES;
				CLANG_WARN_RANGE_LOOP_ANALYSIS = YES;
				CLANG_WARN_STRICT_PROTOTYPES = YES;
				CLANG_WARN_SUSPICIOUS_MOVE = YES;
				CLANG_WARN_UNGUARDED_AVAILABILITY = YES_AGGRESSIVE;
				CLANG_WARN_UNREACHABLE_CODE = YES;
				CLANG_WARN__DUPLICATE_METHOD_MATCH = YES;
				COPY_PHASE_STRIP = NO;
				DEBUG_INFORMATION_FORMAT = "dwarf-with-dsym";
				ENABLE_NS_ASSERTIONS = NO;
				ENABLE_STRICT_OBJC_MSGSEND = YES;
				GCC_C_LANGUAGE_STANDARD = gnu11;
				GCC_NO_COMMON_BLOCKS = YES;
				GCC_WARN_64_TO_32_BIT_CONVERSION = YES;
				GCC_WARN_ABOUT_RETURN_TYPE = YES_ERROR;
				GCC_WARN_UNDECLARED_SELECTOR = YES;
				GCC_WARN_UNINITIALIZED_AUTOS = YES_AGGRESSIVE;
				GCC_WARN_UNUSED_FUNCTION = YES;
				GCC_WARN_UNUSED_VARIABLE = YES;
				IPHONEOS_DEPLOYMENT_TARGET = 15.0;
				MTL_ENABLE_DEBUG_INFO = NO;
				MTL_FAST_MATH = YES;
				SDKROOT = iphoneos;
				SWIFT_COMPILATION_MODE = wholemodule;
				SWIFT_OPTIMIZATION_LEVEL = "-O";
				VALIDATE_PRODUCT = YES;
			};
			name = Release;
		};
		B53289C02766CAE400689C40 /* Debug */ = {
			isa = XCBuildConfiguration;
			buildSettings = {
				ASSETCATALOG_COMPILER_APPICON_NAME = AppIcon;
				ASSETCATALOG_COMPILER_GLOBAL_ACCENT_COLOR_NAME = AccentColor;
				CODE_SIGN_STYLE = Automatic;
				CURRENT_PROJECT_VERSION = 1;
				DEVELOPMENT_TEAM = 2WSJ3W54FF;
				GENERATE_INFOPLIST_FILE = YES;
				INFOPLIST_FILE = SeSAC_12Week/Info.plist;
				INFOPLIST_KEY_UIApplicationSupportsIndirectInputEvents = YES;
				INFOPLIST_KEY_UILaunchStoryboardName = LaunchScreen;
				INFOPLIST_KEY_UISupportedInterfaceOrientations_iPad = "UIInterfaceOrientationPortrait UIInterfaceOrientationPortraitUpsideDown UIInterfaceOrientationLandscapeLeft UIInterfaceOrientationLandscapeRight";
				INFOPLIST_KEY_UISupportedInterfaceOrientations_iPhone = "UIInterfaceOrientationPortrait UIInterfaceOrientationLandscapeLeft UIInterfaceOrientationLandscapeRight";
				LD_RUNPATH_SEARCH_PATHS = (
					"$(inherited)",
					"@executable_path/Frameworks",
				);
				MARKETING_VERSION = 1.0;
				PRODUCT_BUNDLE_IDENTIFIER = "com.sophia.SeSAC-12Week";
				PRODUCT_NAME = "$(TARGET_NAME)";
				SWIFT_EMIT_LOC_STRINGS = YES;
				SWIFT_VERSION = 5.0;
				TARGETED_DEVICE_FAMILY = "1,2";
			};
			name = Debug;
		};
		B53289C12766CAE400689C40 /* Release */ = {
			isa = XCBuildConfiguration;
			buildSettings = {
				ASSETCATALOG_COMPILER_APPICON_NAME = AppIcon;
				ASSETCATALOG_COMPILER_GLOBAL_ACCENT_COLOR_NAME = AccentColor;
				CODE_SIGN_STYLE = Automatic;
				CURRENT_PROJECT_VERSION = 1;
				DEVELOPMENT_TEAM = 2WSJ3W54FF;
				GENERATE_INFOPLIST_FILE = YES;
				INFOPLIST_FILE = SeSAC_12Week/Info.plist;
				INFOPLIST_KEY_UIApplicationSupportsIndirectInputEvents = YES;
				INFOPLIST_KEY_UILaunchStoryboardName = LaunchScreen;
				INFOPLIST_KEY_UISupportedInterfaceOrientations_iPad = "UIInterfaceOrientationPortrait UIInterfaceOrientationPortraitUpsideDown UIInterfaceOrientationLandscapeLeft UIInterfaceOrientationLandscapeRight";
				INFOPLIST_KEY_UISupportedInterfaceOrientations_iPhone = "UIInterfaceOrientationPortrait UIInterfaceOrientationLandscapeLeft UIInterfaceOrientationLandscapeRight";
				LD_RUNPATH_SEARCH_PATHS = (
					"$(inherited)",
					"@executable_path/Frameworks",
				);
				MARKETING_VERSION = 1.0;
				PRODUCT_BUNDLE_IDENTIFIER = "com.sophia.SeSAC-12Week";
				PRODUCT_NAME = "$(TARGET_NAME)";
				SWIFT_EMIT_LOC_STRINGS = YES;
				SWIFT_VERSION = 5.0;
				TARGETED_DEVICE_FAMILY = "1,2";
			};
			name = Release;
		};
/* End XCBuildConfiguration section */

/* Begin XCConfigurationList section */
		B53289A62766CAE400689C40 /* Build configuration list for PBXProject "SeSAC_12Week" */ = {
			isa = XCConfigurationList;
			buildConfigurations = (
				B53289BD2766CAE400689C40 /* Debug */,
				B53289BE2766CAE400689C40 /* Release */,
			);
			defaultConfigurationIsVisible = 0;
			defaultConfigurationName = Release;
		};
		B53289BF2766CAE400689C40 /* Build configuration list for PBXNativeTarget "SeSAC_12Week" */ = {
			isa = XCConfigurationList;
			buildConfigurations = (
				B53289C02766CAE400689C40 /* Debug */,
				B53289C12766CAE400689C40 /* Release */,
			);
			defaultConfigurationIsVisible = 0;
			defaultConfigurationName = Release;
		};
/* End XCConfigurationList section */
	};
	rootObject = B53289A32766CAE400689C40 /* Project object */;
}
