// !$*UTF8*$!
{
	archiveVersion = 1;
	classes = {
	};
	objectVersion = 52;
	objects = {

/* Begin PBXBuildFile section */
		3E4082812726E83300E25A99 /* AppDelegate.swift in Sources */ = {isa = PBXBuildFile; fileRef = 3E4082802726E83300E25A99 /* AppDelegate.swift */; };
		3E4082832726E83300E25A99 /* SceneDelegate.swift in Sources */ = {isa = PBXBuildFile; fileRef = 3E4082822726E83300E25A99 /* SceneDelegate.swift */; };
		3E4082852726E83300E25A99 /* ViewController.swift in Sources */ = {isa = PBXBuildFile; fileRef = 3E4082842726E83300E25A99 /* ViewController.swift */; };
		3E4082882726E83300E25A99 /* Main.storyboard in Resources */ = {isa = PBXBuildFile; fileRef = 3E4082862726E83300E25A99 /* Main.storyboard */; };
		3E40828A2726E83600E25A99 /* Assets.xcassets in Resources */ = {isa = PBXBuildFile; fileRef = 3E4082892726E83600E25A99 /* Assets.xcassets */; };
		3E40828D2726E83600E25A99 /* LaunchScreen.storyboard in Resources */ = {isa = PBXBuildFile; fileRef = 3E40828B2726E83600E25A99 /* LaunchScreen.storyboard */; };
		3E4082962726E85100E25A99 /* LotteryViewController.swift in Sources */ = {isa = PBXBuildFile; fileRef = 3E4082952726E85100E25A99 /* LotteryViewController.swift */; };
		3E40829A2726EE5100E25A99 /* Alamofire in Frameworks */ = {isa = PBXBuildFile; productRef = 3E4082992726EE5100E25A99 /* Alamofire */; };
		3E40829E2726EE7000E25A99 /* SwiftyJSON in Frameworks */ = {isa = PBXBuildFile; productRef = 3E40829D2726EE7000E25A99 /* SwiftyJSON */; };
		3E4082C02728010700E25A99 /* LotteryModel.swift in Sources */ = {isa = PBXBuildFile; fileRef = 3E4082BF2728010700E25A99 /* LotteryModel.swift */; };
/* End PBXBuildFile section */

/* Begin PBXFileReference section */
		3E40827D2726E83300E25A99 /* 19Lottery.app */ = {isa = PBXFileReference; explicitFileType = wrapper.application; includeInIndex = 0; path = 19Lottery.app; sourceTree = BUILT_PRODUCTS_DIR; };
		3E4082802726E83300E25A99 /* AppDelegate.swift */ = {isa = PBXFileReference; lastKnownFileType = sourcecode.swift; path = AppDelegate.swift; sourceTree = "<group>"; };
		3E4082822726E83300E25A99 /* SceneDelegate.swift */ = {isa = PBXFileReference; lastKnownFileType = sourcecode.swift; path = SceneDelegate.swift; sourceTree = "<group>"; };
		3E4082842726E83300E25A99 /* ViewController.swift */ = {isa = PBXFileReference; lastKnownFileType = sourcecode.swift; path = ViewController.swift; sourceTree = "<group>"; };
		3E4082872726E83300E25A99 /* Base */ = {isa = PBXFileReference; lastKnownFileType = file.storyboard; name = Base; path = Base.lproj/Main.storyboard; sourceTree = "<group>"; };
		3E4082892726E83600E25A99 /* Assets.xcassets */ = {isa = PBXFileReference; lastKnownFileType = folder.assetcatalog; path = Assets.xcassets; sourceTree = "<group>"; };
		3E40828C2726E83600E25A99 /* Base */ = {isa = PBXFileReference; lastKnownFileType = file.storyboard; name = Base; path = Base.lproj/LaunchScreen.storyboard; sourceTree = "<group>"; };
		3E40828E2726E83600E25A99 /* Info.plist */ = {isa = PBXFileReference; lastKnownFileType = text.plist.xml; path = Info.plist; sourceTree = "<group>"; };
		3E4082952726E85100E25A99 /* LotteryViewController.swift */ = {isa = PBXFileReference; lastKnownFileType = sourcecode.swift; path = LotteryViewController.swift; sourceTree = "<group>"; };
		3E4082BF2728010700E25A99 /* LotteryModel.swift */ = {isa = PBXFileReference; lastKnownFileType = sourcecode.swift; path = LotteryModel.swift; sourceTree = "<group>"; };
/* End PBXFileReference section */

/* Begin PBXFrameworksBuildPhase section */
		3E40827A2726E83300E25A99 /* Frameworks */ = {
			isa = PBXFrameworksBuildPhase;
			buildActionMask = 2147483647;
			files = (
				3E40829E2726EE7000E25A99 /* SwiftyJSON in Frameworks */,
				3E40829A2726EE5100E25A99 /* Alamofire in Frameworks */,
			);
			runOnlyForDeploymentPostprocessing = 0;
		};
/* End PBXFrameworksBuildPhase section */

/* Begin PBXGroup section */
		3E4082742726E83300E25A99 = {
			isa = PBXGroup;
			children = (
				3E40827F2726E83300E25A99 /* 19Lottery */,
				3E40827E2726E83300E25A99 /* Products */,
			);
			sourceTree = "<group>";
		};
		3E40827E2726E83300E25A99 /* Products */ = {
			isa = PBXGroup;
			children = (
				3E40827D2726E83300E25A99 /* 19Lottery.app */,
			);
			name = Products;
			sourceTree = "<group>";
		};
		3E40827F2726E83300E25A99 /* 19Lottery */ = {
			isa = PBXGroup;
			children = (
				3E4082802726E83300E25A99 /* AppDelegate.swift */,
				3E4082822726E83300E25A99 /* SceneDelegate.swift */,
				3E4082842726E83300E25A99 /* ViewController.swift */,
				3E4082862726E83300E25A99 /* Main.storyboard */,
				3E4082952726E85100E25A99 /* LotteryViewController.swift */,
				3E4082BF2728010700E25A99 /* LotteryModel.swift */,
				3E4082892726E83600E25A99 /* Assets.xcassets */,
				3E40828B2726E83600E25A99 /* LaunchScreen.storyboard */,
				3E40828E2726E83600E25A99 /* Info.plist */,
			);
			path = 19Lottery;
			sourceTree = "<group>";
		};
/* End PBXGroup section */

/* Begin PBXNativeTarget section */
		3E40827C2726E83300E25A99 /* 19Lottery */ = {
			isa = PBXNativeTarget;
			buildConfigurationList = 3E4082912726E83600E25A99 /* Build configuration list for PBXNativeTarget "19Lottery" */;
			buildPhases = (
				3E4082792726E83300E25A99 /* Sources */,
				3E40827A2726E83300E25A99 /* Frameworks */,
				3E40827B2726E83300E25A99 /* Resources */,
			);
			buildRules = (
			);
			dependencies = (
			);
			name = 19Lottery;
			packageProductDependencies = (
				3E4082992726EE5100E25A99 /* Alamofire */,
				3E40829D2726EE7000E25A99 /* SwiftyJSON */,
			);
			productName = 19Lottery;
			productReference = 3E40827D2726E83300E25A99 /* 19Lottery.app */;
			productType = "com.apple.product-type.application";
		};
/* End PBXNativeTarget section */

/* Begin PBXProject section */
		3E4082752726E83300E25A99 /* Project object */ = {
			isa = PBXProject;
			attributes = {
				LastSwiftUpdateCheck = 1240;
				LastUpgradeCheck = 1240;
				TargetAttributes = {
					3E40827C2726E83300E25A99 = {
						CreatedOnToolsVersion = 12.4;
					};
				};
			};
			buildConfigurationList = 3E4082782726E83300E25A99 /* Build configuration list for PBXProject "19Lottery" */;
			compatibilityVersion = "Xcode 9.3";
			developmentRegion = en;
			hasScannedForEncodings = 0;
			knownRegions = (
				en,
				Base,
			);
			mainGroup = 3E4082742726E83300E25A99;
			packageReferences = (
				3E4082982726EE5100E25A99 /* XCRemoteSwiftPackageReference "Alamofire" */,
				3E40829C2726EE7000E25A99 /* XCRemoteSwiftPackageReference "SwiftyJSON" */,
			);
			productRefGroup = 3E40827E2726E83300E25A99 /* Products */;
			projectDirPath = "";
			projectRoot = "";
			targets = (
				3E40827C2726E83300E25A99 /* 19Lottery */,
			);
		};
/* End PBXProject section */

/* Begin PBXResourcesBuildPhase section */
		3E40827B2726E83300E25A99 /* Resources */ = {
			isa = PBXResourcesBuildPhase;
			buildActionMask = 2147483647;
			files = (
				3E40828D2726E83600E25A99 /* LaunchScreen.storyboard in Resources */,
				3E40828A2726E83600E25A99 /* Assets.xcassets in Resources */,
				3E4082882726E83300E25A99 /* Main.storyboard in Resources */,
			);
			runOnlyForDeploymentPostprocessing = 0;
		};
/* End PBXResourcesBuildPhase section */

/* Begin PBXSourcesBuildPhase section */
		3E4082792726E83300E25A99 /* Sources */ = {
			isa = PBXSourcesBuildPhase;
			buildActionMask = 2147483647;
			files = (
				3E4082962726E85100E25A99 /* LotteryViewController.swift in Sources */,
				3E4082852726E83300E25A99 /* ViewController.swift in Sources */,
				3E4082C02728010700E25A99 /* LotteryModel.swift in Sources */,
				3E4082812726E83300E25A99 /* AppDelegate.swift in Sources */,
				3E4082832726E83300E25A99 /* SceneDelegate.swift in Sources */,
			);
			runOnlyForDeploymentPostprocessing = 0;
		};
/* End PBXSourcesBuildPhase section */

/* Begin PBXVariantGroup section */
		3E4082862726E83300E25A99 /* Main.storyboard */ = {
			isa = PBXVariantGroup;
			children = (
				3E4082872726E83300E25A99 /* Base */,
			);
			name = Main.storyboard;
			sourceTree = "<group>";
		};
		3E40828B2726E83600E25A99 /* LaunchScreen.storyboard */ = {
			isa = PBXVariantGroup;
			children = (
				3E40828C2726E83600E25A99 /* Base */,
			);
			name = LaunchScreen.storyboard;
			sourceTree = "<group>";
		};
/* End PBXVariantGroup section */

/* Begin XCBuildConfiguration section */
		3E40828F2726E83600E25A99 /* Debug */ = {
			isa = XCBuildConfiguration;
			buildSettings = {
				ALWAYS_SEARCH_USER_PATHS = NO;
				CLANG_ANALYZER_NONNULL = YES;
				CLANG_ANALYZER_NUMBER_OBJECT_CONVERSION = YES_AGGRESSIVE;
				CLANG_CXX_LANGUAGE_STANDARD = "gnu++14";
				CLANG_CXX_LIBRARY = "libc++";
				CLANG_ENABLE_MODULES = YES;
				CLANG_ENABLE_OBJC_ARC = YES;
				CLANG_ENABLE_OBJC_WEAK = YES;
				CLANG_WARN_BLOCK_CAPTURE_AUTORELEASING = YES;
				CLANG_WARN_BOOL_CONVERSION = YES;
				CLANG_WARN_COMMA = YES;
				CLANG_WARN_CONSTANT_CONVERSION = YES;
				CLANG_WARN_DEPRECATED_OBJC_IMPLEMENTATIONS = YES;
				CLANG_WARN_DIRECT_OBJC_ISA_USAGE = YES_ERROR;
				CLANG_WARN_DOCUMENTATION_COMMENTS = YES;
				CLANG_WARN_EMPTY_BODY = YES;
				CLANG_WARN_ENUM_CONVERSION = YES;
				CLANG_WARN_INFINITE_RECURSION = YES;
				CLANG_WARN_INT_CONVERSION = YES;
				CLANG_WARN_NON_LITERAL_NULL_CONVERSION = YES;
				CLANG_WARN_OBJC_IMPLICIT_RETAIN_SELF = YES;
				CLANG_WARN_OBJC_LITERAL_CONVERSION = YES;
				CLANG_WARN_OBJC_ROOT_CLASS = YES_ERROR;
				CLANG_WARN_QUOTED_INCLUDE_IN_FRAMEWORK_HEADER = YES;
				CLANG_WARN_RANGE_LOOP_ANALYSIS = YES;
				CLANG_WARN_STRICT_PROTOTYPES = YES;
				CLANG_WARN_SUSPICIOUS_MOVE = YES;
				CLANG_WARN_UNGUARDED_AVAILABILITY = YES_AGGRESSIVE;
				CLANG_WARN_UNREACHABLE_CODE = YES;
				CLANG_WARN__DUPLICATE_METHOD_MATCH = YES;
				COPY_PHASE_STRIP = NO;
				DEBUG_INFORMATION_FORMAT = dwarf;
				ENABLE_STRICT_OBJC_MSGSEND = YES;
				ENABLE_TESTABILITY = YES;
				GCC_C_LANGUAGE_STANDARD = gnu11;
				GCC_DYNAMIC_NO_PIC = NO;
				GCC_NO_COMMON_BLOCKS = YES;
				GCC_OPTIMIZATION_LEVEL = 0;
				GCC_PREPROCESSOR_DEFINITIONS = (
					"DEBUG=1",
					"$(inherited)",
				);
				GCC_WARN_64_TO_32_BIT_CONVERSION = YES;
				GCC_WARN_ABOUT_RETURN_TYPE = YES_ERROR;
				GCC_WARN_UNDECLARED_SELECTOR = YES;
				GCC_WARN_UNINITIALIZED_AUTOS = YES_AGGRESSIVE;
				GCC_WARN_UNUSED_FUNCTION = YES;
				GCC_WARN_UNUSED_VARIABLE = YES;
				IPHONEOS_DEPLOYMENT_TARGET = 14.4;
				MTL_ENABLE_DEBUG_INFO = INCLUDE_SOURCE;
				MTL_FAST_MATH = YES;
				ONLY_ACTIVE_ARCH = YES;
				SDKROOT = iphoneos;
				SWIFT_ACTIVE_COMPILATION_CONDITIONS = DEBUG;
				SWIFT_OPTIMIZATION_LEVEL = "-Onone";
			};
			name = Debug;
		};
		3E4082902726E83600E25A99 /* Release */ = {
			isa = XCBuildConfiguration;
			buildSettings = {
				ALWAYS_SEARCH_USER_PATHS = NO;
				CLANG_ANALYZER_NONNULL = YES;
				CLANG_ANALYZER_NUMBER_OBJECT_CONVERSION = YES_AGGRESSIVE;
				CLANG_CXX_LANGUAGE_STANDARD = "gnu++14";
				CLANG_CXX_LIBRARY = "libc++";
				CLANG_ENABLE_MODULES = YES;
				CLANG_ENABLE_OBJC_ARC = YES;
				CLANG_ENABLE_OBJC_WEAK = YES;
				CLANG_WARN_BLOCK_CAPTURE_AUTORELEASING = YES;
				CLANG_WARN_BOOL_CONVERSION = YES;
				CLANG_WARN_COMMA = YES;
				CLANG_WARN_CONSTANT_CONVERSION = YES;
				CLANG_WARN_DEPRECATED_OBJC_IMPLEMENTATIONS = YES;
				CLANG_WARN_DIRECT_OBJC_ISA_USAGE = YES_ERROR;
				CLANG_WARN_DOCUMENTATION_COMMENTS = YES;
				CLANG_WARN_EMPTY_BODY = YES;
				CLANG_WARN_ENUM_CONVERSION = YES;
				CLANG_WARN_INFINITE_RECURSION = YES;
				CLANG_WARN_INT_CONVERSION = YES;
				CLANG_WARN_NON_LITERAL_NULL_CONVERSION = YES;
				CLANG_WARN_OBJC_IMPLICIT_RETAIN_SELF = YES;
				CLANG_WARN_OBJC_LITERAL_CONVERSION = YES;
				CLANG_WARN_OBJC_ROOT_CLASS = YES_ERROR;
				CLANG_WARN_QUOTED_INCLUDE_IN_FRAMEWORK_HEADER = YES;
				CLANG_WARN_RANGE_LOOP_ANALYSIS = YES;
				CLANG_WARN_STRICT_PROTOTYPES = YES;
				CLANG_WARN_SUSPICIOUS_MOVE = YES;
				CLANG_WARN_UNGUARDED_AVAILABILITY = YES_AGGRESSIVE;
				CLANG_WARN_UNREACHABLE_CODE = YES;
				CLANG_WARN__DUPLICATE_METHOD_MATCH = YES;
				COPY_PHASE_STRIP = NO;
				DEBUG_INFORMATION_FORMAT = "dwarf-with-dsym";
				ENABLE_NS_ASSERTIONS = NO;
				ENABLE_STRICT_OBJC_MSGSEND = YES;
				GCC_C_LANGUAGE_STANDARD = gnu11;
				GCC_NO_COMMON_BLOCKS = YES;
				GCC_WARN_64_TO_32_BIT_CONVERSION = YES;
				GCC_WARN_ABOUT_RETURN_TYPE = YES_ERROR;
				GCC_WARN_UNDECLARED_SELECTOR = YES;
				GCC_WARN_UNINITIALIZED_AUTOS = YES_AGGRESSIVE;
				GCC_WARN_UNUSED_FUNCTION = YES;
				GCC_WARN_UNUSED_VARIABLE = YES;
				IPHONEOS_DEPLOYMENT_TARGET = 14.4;
				MTL_ENABLE_DEBUG_INFO = NO;
				MTL_FAST_MATH = YES;
				SDKROOT = iphoneos;
				SWIFT_COMPILATION_MODE = wholemodule;
				SWIFT_OPTIMIZATION_LEVEL = "-O";
				VALIDATE_PRODUCT = YES;
			};
			name = Release;
		};
		3E4082922726E83600E25A99 /* Debug */ = {
			isa = XCBuildConfiguration;
			buildSettings = {
				ASSETCATALOG_COMPILER_APPICON_NAME = AppIcon;
				ASSETCATALOG_COMPILER_GLOBAL_ACCENT_COLOR_NAME = AccentColor;
				CODE_SIGN_STYLE = Automatic;
				INFOPLIST_FILE = 19Lottery/Info.plist;
				LD_RUNPATH_SEARCH_PATHS = (
					"$(inherited)",
					"@executable_path/Frameworks",
				);
				PRODUCT_BUNDLE_IDENTIFIER = "com.jiyoung.-9Lottery";
				PRODUCT_NAME = "$(TARGET_NAME)";
				SWIFT_VERSION = 5.0;
				TARGETED_DEVICE_FAMILY = "1,2";
			};
			name = Debug;
		};
		3E4082932726E83600E25A99 /* Release */ = {
			isa = XCBuildConfiguration;
			buildSettings = {
				ASSETCATALOG_COMPILER_APPICON_NAME = AppIcon;
				ASSETCATALOG_COMPILER_GLOBAL_ACCENT_COLOR_NAME = AccentColor;
				CODE_SIGN_STYLE = Automatic;
				INFOPLIST_FILE = 19Lottery/Info.plist;
				LD_RUNPATH_SEARCH_PATHS = (
					"$(inherited)",
					"@executable_path/Frameworks",
				);
				PRODUCT_BUNDLE_IDENTIFIER = "com.jiyoung.-9Lottery";
				PRODUCT_NAME = "$(TARGET_NAME)";
				SWIFT_VERSION = 5.0;
				TARGETED_DEVICE_FAMILY = "1,2";
			};
			name = Release;
		};
/* End XCBuildConfiguration section */

/* Begin XCConfigurationList section */
		3E4082782726E83300E25A99 /* Build configuration list for PBXProject "19Lottery" */ = {
			isa = XCConfigurationList;
			buildConfigurations = (
				3E40828F2726E83600E25A99 /* Debug */,
				3E4082902726E83600E25A99 /* Release */,
			);
			defaultConfigurationIsVisible = 0;
			defaultConfigurationName = Release;
		};
		3E4082912726E83600E25A99 /* Build configuration list for PBXNativeTarget "19Lottery" */ = {
			isa = XCConfigurationList;
			buildConfigurations = (
				3E4082922726E83600E25A99 /* Debug */,
				3E4082932726E83600E25A99 /* Release */,
			);
			defaultConfigurationIsVisible = 0;
			defaultConfigurationName = Release;
		};
/* End XCConfigurationList section */

/* Begin XCRemoteSwiftPackageReference section */
		3E4082982726EE5100E25A99 /* XCRemoteSwiftPackageReference "Alamofire" */ = {
			isa = XCRemoteSwiftPackageReference;
			repositoryURL = "https://github.com/Alamofire/Alamofire.git";
			requirement = {
				kind = upToNextMajorVersion;
				minimumVersion = 5.4.4;
			};
		};
		3E40829C2726EE7000E25A99 /* XCRemoteSwiftPackageReference "SwiftyJSON" */ = {
			isa = XCRemoteSwiftPackageReference;
			repositoryURL = "https://github.com/SwiftyJSON/SwiftyJSON.git";
			requirement = {
				kind = exactVersion;
				version = 5.0.0;
			};
		};
/* End XCRemoteSwiftPackageReference section */

/* Begin XCSwiftPackageProductDependency section */
		3E4082992726EE5100E25A99 /* Alamofire */ = {
			isa = XCSwiftPackageProductDependency;
			package = 3E4082982726EE5100E25A99 /* XCRemoteSwiftPackageReference "Alamofire" */;
			productName = Alamofire;
		};
		3E40829D2726EE7000E25A99 /* SwiftyJSON */ = {
			isa = XCSwiftPackageProductDependency;
			package = 3E40829C2726EE7000E25A99 /* XCRemoteSwiftPackageReference "SwiftyJSON" */;
			productName = SwiftyJSON;
		};
/* End XCSwiftPackageProductDependency section */
	};
	rootObject = 3E4082752726E83300E25A99 /* Project object */;
}
